
Microsoft Visual Studio Solution File, Format Version 12.00
# Visual Studio 2012
Project("{FAE04EC0-301F-11D3-BF4B-00C04F79EFBC}") = "PersistentLayer.NHibernate", "PersistentLayer.NHibernate\PersistentLayer.NHibernate.csproj", "{4C23800E-0BF2-43DA-B474-27BDFBE3AEB9}"
EndProject
Project("{2150E333-8FDC-42A3-9474-1A3956D46DE8}") = ".nuget", ".nuget", "{D6AE57A7-F39E-4059-B1B7-9DE9B1AAD0EB}"
	ProjectSection(SolutionItems) = preProject
		.nuget\NuGet.Config = .nuget\NuGet.Config
		.nuget\NuGet.exe = .nuget\NuGet.exe
		.nuget\NuGet.targets = .nuget\NuGet.targets
	EndProjectSection
EndProject
Project("{FAE04EC0-301F-11D3-BF4B-00C04F79EFBC}") = "PersistentLayer.NHibernate.Test", "PersistentLayer.NHibernate.Test\PersistentLayer.NHibernate.Test.csproj", "{47B4B42F-56FF-4523-A447-AD7CF826FACA}"
EndProject
Project("{FAE04EC0-301F-11D3-BF4B-00C04F79EFBC}") = "PersistentLayer.Domain", "PersistentLayer.Domain\PersistentLayer.Domain.csproj", "{F281B6EF-2494-4553-8EBE-DDC1FFEC9B2F}"
EndProject
Project("{FAE04EC0-301F-11D3-BF4B-00C04F79EFBC}") = "PersistentLayer.NHibernate.net40", "PersistentLayer.NHibernate.net40\PersistentLayer.NHibernate.net40.csproj", "{BD3A2B62-F7E9-4C7B-A4FC-0955719A64C6}"
EndProject
Project("{FAE04EC0-301F-11D3-BF4B-00C04F79EFBC}") = "PersistentLayer.NHibernate.Test.net40", "PersistentLayer.NHibernate.Test.net40\PersistentLayer.NHibernate.Test.net40.csproj", "{B4D9F469-60A6-4EBE-8B46-0A441BED9E23}"
EndProject
Global
	GlobalSection(SolutionConfigurationPlatforms) = preSolution
		Debug|Any CPU = Debug|Any CPU
		Release|Any CPU = Release|Any CPU
	EndGlobalSection
	GlobalSection(ProjectConfigurationPlatforms) = postSolution
		{4C23800E-0BF2-43DA-B474-27BDFBE3AEB9}.Debug|Any CPU.ActiveCfg = Debug|Any CPU
		{4C23800E-0BF2-43DA-B474-27BDFBE3AEB9}.Debug|Any CPU.Build.0 = Debug|Any CPU
		{4C23800E-0BF2-43DA-B474-27BDFBE3AEB9}.Release|Any CPU.ActiveCfg = Release|Any CPU
		{4C23800E-0BF2-43DA-B474-27BDFBE3AEB9}.Release|Any CPU.Build.0 = Release|Any CPU
		{47B4B42F-56FF-4523-A447-AD7CF826FACA}.Debug|Any CPU.ActiveCfg = Debug|Any CPU
		{47B4B42F-56FF-4523-A447-AD7CF826FACA}.Debug|Any CPU.Build.0 = Debug|Any CPU
		{47B4B42F-56FF-4523-A447-AD7CF826FACA}.Release|Any CPU.ActiveCfg = Release|Any CPU
		{47B4B42F-56FF-4523-A447-AD7CF826FACA}.Release|Any CPU.Build.0 = Release|Any CPU
		{F281B6EF-2494-4553-8EBE-DDC1FFEC9B2F}.Debug|Any CPU.ActiveCfg = Debug|Any CPU
		{F281B6EF-2494-4553-8EBE-DDC1FFEC9B2F}.Debug|Any CPU.Build.0 = Debug|Any CPU
		{F281B6EF-2494-4553-8EBE-DDC1FFEC9B2F}.Release|Any CPU.ActiveCfg = Release|Any CPU
		{F281B6EF-2494-4553-8EBE-DDC1FFEC9B2F}.Release|Any CPU.Build.0 = Release|Any CPU
		{BD3A2B62-F7E9-4C7B-A4FC-0955719A64C6}.Debug|Any CPU.ActiveCfg = Debug|Any CPU
		{BD3A2B62-F7E9-4C7B-A4FC-0955719A64C6}.Debug|Any CPU.Build.0 = Debug|Any CPU
		{BD3A2B62-F7E9-4C7B-A4FC-0955719A64C6}.Release|Any CPU.ActiveCfg = Release|Any CPU
		{BD3A2B62-F7E9-4C7B-A4FC-0955719A64C6}.Release|Any CPU.Build.0 = Release|Any CPU
		{B4D9F469-60A6-4EBE-8B46-0A441BED9E23}.Debug|Any CPU.ActiveCfg = Debug|Any CPU
		{B4D9F469-60A6-4EBE-8B46-0A441BED9E23}.Debug|Any CPU.Build.0 = Debug|Any CPU
		{B4D9F469-60A6-4EBE-8B46-0A441BED9E23}.Release|Any CPU.ActiveCfg = Release|Any CPU
		{B4D9F469-60A6-4EBE-8B46-0A441BED9E23}.Release|Any CPU.Build.0 = Release|Any CPU
	EndGlobalSection
	GlobalSection(SolutionProperties) = preSolution
		HideSolutionNode = FALSE
	EndGlobalSection
EndGlobal
